// !$*UTF8*$!
{
	archiveVersion = 1;
	classes = {
	};
	objectVersion = 51;
	objects = {

/* Begin PBXBuildFile section */
		401BB7D52448A87200A78125 /* PokeInfoViewController.swift in Sources */ = {isa = PBXBuildFile; fileRef = 401BB7D42448A87200A78125 /* PokeInfoViewController.swift */; };
		401BB7D72448B78200A78125 /* PokeInfoVM.swift in Sources */ = {isa = PBXBuildFile; fileRef = 401BB7D62448B78200A78125 /* PokeInfoVM.swift */; };
		401BB7E724491EB400A78125 /* Coordinators.swift in Sources */ = {isa = PBXBuildFile; fileRef = 401BB7E624491EB400A78125 /* Coordinators.swift */; };
		401BB7E92449335500A78125 /* Storyboarded.swift in Sources */ = {isa = PBXBuildFile; fileRef = 401BB7E82449335500A78125 /* Storyboarded.swift */; };
		401BB7EB2449338500A78125 /* MainCoordinator.swift in Sources */ = {isa = PBXBuildFile; fileRef = 401BB7EA2449338500A78125 /* MainCoordinator.swift */; };
		4046B7E82440DEB8007E64D7 /* AppDelegate.swift in Sources */ = {isa = PBXBuildFile; fileRef = 4046B7E72440DEB8007E64D7 /* AppDelegate.swift */; };
		4046B7EC2440DEB8007E64D7 /* ViewController.swift in Sources */ = {isa = PBXBuildFile; fileRef = 4046B7EB2440DEB8007E64D7 /* ViewController.swift */; };
		4046B7EF2440DEB8007E64D7 /* Main.storyboard in Resources */ = {isa = PBXBuildFile; fileRef = 4046B7ED2440DEB8007E64D7 /* Main.storyboard */; };
		4046B7F12440DEB9007E64D7 /* Assets.xcassets in Resources */ = {isa = PBXBuildFile; fileRef = 4046B7F02440DEB9007E64D7 /* Assets.xcassets */; };
		4046B7F42440DEB9007E64D7 /* LaunchScreen.storyboard in Resources */ = {isa = PBXBuildFile; fileRef = 4046B7F22440DEB9007E64D7 /* LaunchScreen.storyboard */; };
		4046B7FC2440EC86007E64D7 /* PokemonCollectionCell.swift in Sources */ = {isa = PBXBuildFile; fileRef = 4046B7FB2440EC86007E64D7 /* PokemonCollectionCell.swift */; };
		4046B8042440FCCB007E64D7 /* APICallManager.swift in Sources */ = {isa = PBXBuildFile; fileRef = 4046B8032440FCCB007E64D7 /* APICallManager.swift */; };
		4046B8062440FD26007E64D7 /* PokemonService.swift in Sources */ = {isa = PBXBuildFile; fileRef = 4046B8052440FD26007E64D7 /* PokemonService.swift */; };
		4046B8082440FE12007E64D7 /* Pokemon.swift in Sources */ = {isa = PBXBuildFile; fileRef = 4046B8072440FE12007E64D7 /* Pokemon.swift */; };
		4046B80A24410234007E64D7 /* PokemonItem.swift in Sources */ = {isa = PBXBuildFile; fileRef = 4046B80924410234007E64D7 /* PokemonItem.swift */; };
		4046B80C24410CF8007E64D7 /* ViewModel.swift in Sources */ = {isa = PBXBuildFile; fileRef = 4046B80B24410CF8007E64D7 /* ViewModel.swift */; };
		40617219244DF24700BE4119 /* PokemonItemFound.swift in Sources */ = {isa = PBXBuildFile; fileRef = 40617218244DF24700BE4119 /* PokemonItemFound.swift */; };
		4061721C244DF60900BE4119 /* PokemonItemPresentable.swift in Sources */ = {isa = PBXBuildFile; fileRef = 4061721B244DF60900BE4119 /* PokemonItemPresentable.swift */; };
		85CCA3E8B15620384C495861 /* Pods_Pokedex.framework in Frameworks */ = {isa = PBXBuildFile; fileRef = D7DF4FABA0EF246718FF9516 /* Pods_Pokedex.framework */; };
/* End PBXBuildFile section */

/* Begin PBXFileReference section */
		15CD74B4D3F63B8D592DA671 /* Pods-Pokedex.debug.xcconfig */ = {isa = PBXFileReference; includeInIndex = 1; lastKnownFileType = text.xcconfig; name = "Pods-Pokedex.debug.xcconfig"; path = "Target Support Files/Pods-Pokedex/Pods-Pokedex.debug.xcconfig"; sourceTree = "<group>"; };
		288DCFD516EC16532FE91BB3 /* Pods-Pokedex.release.xcconfig */ = {isa = PBXFileReference; includeInIndex = 1; lastKnownFileType = text.xcconfig; name = "Pods-Pokedex.release.xcconfig"; path = "Target Support Files/Pods-Pokedex/Pods-Pokedex.release.xcconfig"; sourceTree = "<group>"; };
		401BB7D42448A87200A78125 /* PokeInfoViewController.swift */ = {isa = PBXFileReference; lastKnownFileType = sourcecode.swift; path = PokeInfoViewController.swift; sourceTree = "<group>"; };
		401BB7D62448B78200A78125 /* PokeInfoVM.swift */ = {isa = PBXFileReference; lastKnownFileType = sourcecode.swift; path = PokeInfoVM.swift; sourceTree = "<group>"; };
		401BB7E624491EB400A78125 /* Coordinators.swift */ = {isa = PBXFileReference; lastKnownFileType = sourcecode.swift; path = Coordinators.swift; sourceTree = "<group>"; };
		401BB7E82449335500A78125 /* Storyboarded.swift */ = {isa = PBXFileReference; lastKnownFileType = sourcecode.swift; path = Storyboarded.swift; sourceTree = "<group>"; };
		401BB7EA2449338500A78125 /* MainCoordinator.swift */ = {isa = PBXFileReference; lastKnownFileType = sourcecode.swift; path = MainCoordinator.swift; sourceTree = "<group>"; };
		4046B7E42440DEB8007E64D7 /* Pokedex.app */ = {isa = PBXFileReference; explicitFileType = wrapper.application; includeInIndex = 0; path = Pokedex.app; sourceTree = BUILT_PRODUCTS_DIR; };
		4046B7E72440DEB8007E64D7 /* AppDelegate.swift */ = {isa = PBXFileReference; lastKnownFileType = sourcecode.swift; path = AppDelegate.swift; sourceTree = "<group>"; };
		4046B7EB2440DEB8007E64D7 /* ViewController.swift */ = {isa = PBXFileReference; lastKnownFileType = sourcecode.swift; path = ViewController.swift; sourceTree = "<group>"; };
		4046B7EE2440DEB8007E64D7 /* Base */ = {isa = PBXFileReference; lastKnownFileType = file.storyboard; name = Base; path = Base.lproj/Main.storyboard; sourceTree = "<group>"; };
		4046B7F02440DEB9007E64D7 /* Assets.xcassets */ = {isa = PBXFileReference; lastKnownFileType = folder.assetcatalog; path = Assets.xcassets; sourceTree = "<group>"; };
		4046B7F32440DEB9007E64D7 /* Base */ = {isa = PBXFileReference; lastKnownFileType = file.storyboard; name = Base; path = Base.lproj/LaunchScreen.storyboard; sourceTree = "<group>"; };
		4046B7F52440DEB9007E64D7 /* Info.plist */ = {isa = PBXFileReference; lastKnownFileType = text.plist.xml; path = Info.plist; sourceTree = "<group>"; };
		4046B7FB2440EC86007E64D7 /* PokemonCollectionCell.swift */ = {isa = PBXFileReference; lastKnownFileType = sourcecode.swift; name = PokemonCollectionCell.swift; path = ../PokemonCollectionCell.swift; sourceTree = "<group>"; };
		4046B8032440FCCB007E64D7 /* APICallManager.swift */ = {isa = PBXFileReference; lastKnownFileType = sourcecode.swift; path = APICallManager.swift; sourceTree = "<group>"; };
		4046B8052440FD26007E64D7 /* PokemonService.swift */ = {isa = PBXFileReference; lastKnownFileType = sourcecode.swift; path = PokemonService.swift; sourceTree = "<group>"; };
		4046B8072440FE12007E64D7 /* Pokemon.swift */ = {isa = PBXFileReference; lastKnownFileType = sourcecode.swift; path = Pokemon.swift; sourceTree = "<group>"; };
		4046B80924410234007E64D7 /* PokemonItem.swift */ = {isa = PBXFileReference; lastKnownFileType = sourcecode.swift; path = PokemonItem.swift; sourceTree = "<group>"; };
		4046B80B24410CF8007E64D7 /* ViewModel.swift */ = {isa = PBXFileReference; lastKnownFileType = sourcecode.swift; path = ViewModel.swift; sourceTree = "<group>"; };
		40617218244DF24700BE4119 /* PokemonItemFound.swift */ = {isa = PBXFileReference; lastKnownFileType = sourcecode.swift; path = PokemonItemFound.swift; sourceTree = "<group>"; };
		4061721B244DF60900BE4119 /* PokemonItemPresentable.swift */ = {isa = PBXFileReference; lastKnownFileType = sourcecode.swift; path = PokemonItemPresentable.swift; sourceTree = "<group>"; };
		D7DF4FABA0EF246718FF9516 /* Pods_Pokedex.framework */ = {isa = PBXFileReference; explicitFileType = wrapper.framework; includeInIndex = 0; path = Pods_Pokedex.framework; sourceTree = BUILT_PRODUCTS_DIR; };
/* End PBXFileReference section */

/* Begin PBXFrameworksBuildPhase section */
		4046B7E12440DEB8007E64D7 /* Frameworks */ = {
			isa = PBXFrameworksBuildPhase;
			buildActionMask = 2147483647;
			files = (
				85CCA3E8B15620384C495861 /* Pods_Pokedex.framework in Frameworks */,
			);
			runOnlyForDeploymentPostprocessing = 0;
		};
/* End PBXFrameworksBuildPhase section */

/* Begin PBXGroup section */
		401BB7EC2449381C00A78125 /* Coordinator */ = {
			isa = PBXGroup;
			children = (
				401BB7E624491EB400A78125 /* Coordinators.swift */,
				401BB7E82449335500A78125 /* Storyboarded.swift */,
				401BB7EA2449338500A78125 /* MainCoordinator.swift */,
			);
			path = Coordinator;
			sourceTree = "<group>";
		};
		4046B7DB2440DEB8007E64D7 = {
			isa = PBXGroup;
			children = (
				4046B7E62440DEB8007E64D7 /* Pokedex */,
				4046B7E52440DEB8007E64D7 /* Products */,
				B24F370D386992E464527730 /* Pods */,
				55D9266766AEF48604DFF5F0 /* Frameworks */,
			);
			sourceTree = "<group>";
		};
		4046B7E52440DEB8007E64D7 /* Products */ = {
			isa = PBXGroup;
			children = (
				4046B7E42440DEB8007E64D7 /* Pokedex.app */,
			);
			name = Products;
			sourceTree = "<group>";
		};
		4046B7E62440DEB8007E64D7 /* Pokedex */ = {
			isa = PBXGroup;
			children = (
				4046B7E72440DEB8007E64D7 /* AppDelegate.swift */,
				401BB7EC2449381C00A78125 /* Coordinator */,
				4061721A244DF5C800BE4119 /* Protocols */,
				4046B8012440F005007E64D7 /* Models */,
				4046B8022440F00F007E64D7 /* API */,
				4046B7FF2440EFDE007E64D7 /* ViewModel */,
				4046B7FD2440EFC4007E64D7 /* View */,
				4046B7ED2440DEB8007E64D7 /* Main.storyboard */,
				4046B7F22440DEB9007E64D7 /* LaunchScreen.storyboard */,
				4046B7F02440DEB9007E64D7 /* Assets.xcassets */,
				4046B7F52440DEB9007E64D7 /* Info.plist */,
			);
			path = Pokedex;
			sourceTree = "<group>";
		};
		4046B7FD2440EFC4007E64D7 /* View */ = {
			isa = PBXGroup;
			children = (
				4046B7FE2440EFD1007E64D7 /* Cells */,
				4046B7EB2440DEB8007E64D7 /* ViewController.swift */,
				401BB7D42448A87200A78125 /* PokeInfoViewController.swift */,
			);
			path = View;
			sourceTree = "<group>";
		};
		4046B7FE2440EFD1007E64D7 /* Cells */ = {
			isa = PBXGroup;
			children = (
				4046B7FB2440EC86007E64D7 /* PokemonCollectionCell.swift */,
			);
			path = Cells;
			sourceTree = "<group>";
		};
		4046B7FF2440EFDE007E64D7 /* ViewModel */ = {
			isa = PBXGroup;
			children = (
				4046B80B24410CF8007E64D7 /* ViewModel.swift */,
				401BB7D62448B78200A78125 /* PokeInfoVM.swift */,
			);
			path = ViewModel;
			sourceTree = "<group>";
		};
		4046B8012440F005007E64D7 /* Models */ = {
			isa = PBXGroup;
			children = (
				4046B8072440FE12007E64D7 /* Pokemon.swift */,
				4046B80924410234007E64D7 /* PokemonItem.swift */,
				40617218244DF24700BE4119 /* PokemonItemFound.swift */,
			);
			path = Models;
			sourceTree = "<group>";
		};
		4046B8022440F00F007E64D7 /* API */ = {
			isa = PBXGroup;
			children = (
				4046B8032440FCCB007E64D7 /* APICallManager.swift */,
				4046B8052440FD26007E64D7 /* PokemonService.swift */,
			);
			path = API;
			sourceTree = "<group>";
		};
		4061721A244DF5C800BE4119 /* Protocols */ = {
			isa = PBXGroup;
			children = (
				4061721B244DF60900BE4119 /* PokemonItemPresentable.swift */,
			);
			path = Protocols;
			sourceTree = "<group>";
		};
		55D9266766AEF48604DFF5F0 /* Frameworks */ = {
			isa = PBXGroup;
			children = (
				D7DF4FABA0EF246718FF9516 /* Pods_Pokedex.framework */,
			);
			name = Frameworks;
			sourceTree = "<group>";
		};
		B24F370D386992E464527730 /* Pods */ = {
			isa = PBXGroup;
			children = (
				15CD74B4D3F63B8D592DA671 /* Pods-Pokedex.debug.xcconfig */,
				288DCFD516EC16532FE91BB3 /* Pods-Pokedex.release.xcconfig */,
			);
			path = Pods;
			sourceTree = "<group>";
		};
/* End PBXGroup section */

/* Begin PBXNativeTarget section */
		4046B7E32440DEB8007E64D7 /* Pokedex */ = {
			isa = PBXNativeTarget;
			buildConfigurationList = 4046B7F82440DEBA007E64D7 /* Build configuration list for PBXNativeTarget "Pokedex" */;
			buildPhases = (
				9BA64BB2516E9E02FCD1BD60 /* [CP] Check Pods Manifest.lock */,
				4046B7E02440DEB8007E64D7 /* Sources */,
				4046B7E12440DEB8007E64D7 /* Frameworks */,
				4046B7E22440DEB8007E64D7 /* Resources */,
				5A60E4023E995BCE108C5F0F /* [CP] Embed Pods Frameworks */,
			);
			buildRules = (
			);
			dependencies = (
			);
			name = Pokedex;
			productName = Pokedex;
			productReference = 4046B7E42440DEB8007E64D7 /* Pokedex.app */;
			productType = "com.apple.product-type.application";
		};
/* End PBXNativeTarget section */

/* Begin PBXProject section */
		4046B7DC2440DEB8007E64D7 /* Project object */ = {
			isa = PBXProject;
			attributes = {
				LastSwiftUpdateCheck = 1120;
				LastUpgradeCheck = 1120;
				ORGANIZATIONNAME = ThaysPrado;
				TargetAttributes = {
					4046B7E32440DEB8007E64D7 = {
						CreatedOnToolsVersion = 11.2.1;
					};
				};
			};
			buildConfigurationList = 4046B7DF2440DEB8007E64D7 /* Build configuration list for PBXProject "Pokedex" */;
			compatibilityVersion = "Xcode 9.3";
			developmentRegion = en;
			hasScannedForEncodings = 0;
			knownRegions = (
				en,
				Base,
			);
			mainGroup = 4046B7DB2440DEB8007E64D7;
			productRefGroup = 4046B7E52440DEB8007E64D7 /* Products */;
			projectDirPath = "";
			projectRoot = "";
			targets = (
				4046B7E32440DEB8007E64D7 /* Pokedex */,
			);
		};
/* End PBXProject section */

/* Begin PBXResourcesBuildPhase section */
		4046B7E22440DEB8007E64D7 /* Resources */ = {
			isa = PBXResourcesBuildPhase;
			buildActionMask = 2147483647;
			files = (
				4046B7F42440DEB9007E64D7 /* LaunchScreen.storyboard in Resources */,
				4046B7F12440DEB9007E64D7 /* Assets.xcassets in Resources */,
				4046B7EF2440DEB8007E64D7 /* Main.storyboard in Resources */,
			);
			runOnlyForDeploymentPostprocessing = 0;
		};
/* End PBXResourcesBuildPhase section */

/* Begin PBXShellScriptBuildPhase section */
		5A60E4023E995BCE108C5F0F /* [CP] Embed Pods Frameworks */ = {
			isa = PBXShellScriptBuildPhase;
			buildActionMask = 2147483647;
			files = (
			);
			inputFileListPaths = (
				"${PODS_ROOT}/Target Support Files/Pods-Pokedex/Pods-Pokedex-frameworks-${CONFIGURATION}-input-files.xcfilelist",
			);
			name = "[CP] Embed Pods Frameworks";
			outputFileListPaths = (
				"${PODS_ROOT}/Target Support Files/Pods-Pokedex/Pods-Pokedex-frameworks-${CONFIGURATION}-output-files.xcfilelist",
			);
			runOnlyForDeploymentPostprocessing = 0;
			shellPath = /bin/sh;
			shellScript = "\"${PODS_ROOT}/Target Support Files/Pods-Pokedex/Pods-Pokedex-frameworks.sh\"\n";
			showEnvVarsInLog = 0;
		};
		9BA64BB2516E9E02FCD1BD60 /* [CP] Check Pods Manifest.lock */ = {
			isa = PBXShellScriptBuildPhase;
			buildActionMask = 2147483647;
			files = (
			);
			inputFileListPaths = (
			);
			inputPaths = (
				"${PODS_PODFILE_DIR_PATH}/Podfile.lock",
				"${PODS_ROOT}/Manifest.lock",
			);
			name = "[CP] Check Pods Manifest.lock";
			outputFileListPaths = (
			);
			outputPaths = (
				"$(DERIVED_FILE_DIR)/Pods-Pokedex-checkManifestLockResult.txt",
			);
			runOnlyForDeploymentPostprocessing = 0;
			shellPath = /bin/sh;
			shellScript = "diff \"${PODS_PODFILE_DIR_PATH}/Podfile.lock\" \"${PODS_ROOT}/Manifest.lock\" > /dev/null\nif [ $? != 0 ] ; then\n    # print error to STDERR\n    echo \"error: The sandbox is not in sync with the Podfile.lock. Run 'pod install' or update your CocoaPods installation.\" >&2\n    exit 1\nfi\n# This output is used by Xcode 'outputs' to avoid re-running this script phase.\necho \"SUCCESS\" > \"${SCRIPT_OUTPUT_FILE_0}\"\n";
			showEnvVarsInLog = 0;
		};
/* End PBXShellScriptBuildPhase section */

/* Begin PBXSourcesBuildPhase section */
		4046B7E02440DEB8007E64D7 /* Sources */ = {
			isa = PBXSourcesBuildPhase;
			buildActionMask = 2147483647;
			files = (
				4061721C244DF60900BE4119 /* PokemonItemPresentable.swift in Sources */,
				4046B8082440FE12007E64D7 /* Pokemon.swift in Sources */,
				401BB7EB2449338500A78125 /* MainCoordinator.swift in Sources */,
				4046B80C24410CF8007E64D7 /* ViewModel.swift in Sources */,
				4046B7EC2440DEB8007E64D7 /* ViewController.swift in Sources */,
				4046B7E82440DEB8007E64D7 /* AppDelegate.swift in Sources */,
				40617219244DF24700BE4119 /* PokemonItemFound.swift in Sources */,
				4046B80A24410234007E64D7 /* PokemonItem.swift in Sources */,
				401BB7E92449335500A78125 /* Storyboarded.swift in Sources */,
				4046B7FC2440EC86007E64D7 /* PokemonCollectionCell.swift in Sources */,
				4046B8042440FCCB007E64D7 /* APICallManager.swift in Sources */,
				401BB7D72448B78200A78125 /* PokeInfoVM.swift in Sources */,
				401BB7E724491EB400A78125 /* Coordinators.swift in Sources */,
				4046B8062440FD26007E64D7 /* PokemonService.swift in Sources */,
				401BB7D52448A87200A78125 /* PokeInfoViewController.swift in Sources */,
			);
			runOnlyForDeploymentPostprocessing = 0;
		};
/* End PBXSourcesBuildPhase section */

/* Begin PBXVariantGroup section */
		4046B7ED2440DEB8007E64D7 /* Main.storyboard */ = {
			isa = PBXVariantGroup;
			children = (
				4046B7EE2440DEB8007E64D7 /* Base */,
			);
			name = Main.storyboard;
			sourceTree = "<group>";
		};
		4046B7F22440DEB9007E64D7 /* LaunchScreen.storyboard */ = {
			isa = PBXVariantGroup;
			children = (
				4046B7F32440DEB9007E64D7 /* Base */,
			);
			name = LaunchScreen.storyboard;
			sourceTree = "<group>";
		};
/* End PBXVariantGroup section */

/* Begin XCBuildConfiguration section */
		4046B7F62440DEB9007E64D7 /* Debug */ = {
			isa = XCBuildConfiguration;
			buildSettings = {
				ALWAYS_SEARCH_USER_PATHS = NO;
				CLANG_ANALYZER_NONNULL = YES;
				CLANG_ANALYZER_NUMBER_OBJECT_CONVERSION = YES_AGGRESSIVE;
				CLANG_CXX_LANGUAGE_STANDARD = "gnu++14";
				CLANG_CXX_LIBRARY = "libc++";
				CLANG_ENABLE_MODULES = YES;
				CLANG_ENABLE_OBJC_ARC = YES;
				CLANG_ENABLE_OBJC_WEAK = YES;
				CLANG_WARN_BLOCK_CAPTURE_AUTORELEASING = YES;
				CLANG_WARN_BOOL_CONVERSION = YES;
				CLANG_WARN_COMMA = YES;
				CLANG_WARN_CONSTANT_CONVERSION = YES;
				CLANG_WARN_DEPRECATED_OBJC_IMPLEMENTATIONS = YES;
				CLANG_WARN_DIRECT_OBJC_ISA_USAGE = YES_ERROR;
				CLANG_WARN_DOCUMENTATION_COMMENTS = YES;
				CLANG_WARN_EMPTY_BODY = YES;
				CLANG_WARN_ENUM_CONVERSION = YES;
				CLANG_WARN_INFINITE_RECURSION = YES;
				CLANG_WARN_INT_CONVERSION = YES;
				CLANG_WARN_NON_LITERAL_NULL_CONVERSION = YES;
				CLANG_WARN_OBJC_IMPLICIT_RETAIN_SELF = YES;
				CLANG_WARN_OBJC_LITERAL_CONVERSION = YES;
				CLANG_WARN_OBJC_ROOT_CLASS = YES_ERROR;
				CLANG_WARN_RANGE_LOOP_ANALYSIS = YES;
				CLANG_WARN_STRICT_PROTOTYPES = YES;
				CLANG_WARN_SUSPICIOUS_MOVE = YES;
				CLANG_WARN_UNGUARDED_AVAILABILITY = YES_AGGRESSIVE;
				CLANG_WARN_UNREACHABLE_CODE = YES;
				CLANG_WARN__DUPLICATE_METHOD_MATCH = YES;
				COPY_PHASE_STRIP = NO;
				DEBUG_INFORMATION_FORMAT = dwarf;
				ENABLE_STRICT_OBJC_MSGSEND = YES;
				ENABLE_TESTABILITY = YES;
				GCC_C_LANGUAGE_STANDARD = gnu11;
				GCC_DYNAMIC_NO_PIC = NO;
				GCC_NO_COMMON_BLOCKS = YES;
				GCC_OPTIMIZATION_LEVEL = 0;
				GCC_PREPROCESSOR_DEFINITIONS = (
					"DEBUG=1",
					"$(inherited)",
				);
				GCC_WARN_64_TO_32_BIT_CONVERSION = YES;
				GCC_WARN_ABOUT_RETURN_TYPE = YES_ERROR;
				GCC_WARN_UNDECLARED_SELECTOR = YES;
				GCC_WARN_UNINITIALIZED_AUTOS = YES_AGGRESSIVE;
				GCC_WARN_UNUSED_FUNCTION = YES;
				GCC_WARN_UNUSED_VARIABLE = YES;
				IPHONEOS_DEPLOYMENT_TARGET = 13.2;
				MTL_ENABLE_DEBUG_INFO = INCLUDE_SOURCE;
				MTL_FAST_MATH = YES;
				ONLY_ACTIVE_ARCH = YES;
				SDKROOT = iphoneos;
				SWIFT_ACTIVE_COMPILATION_CONDITIONS = DEBUG;
				SWIFT_OPTIMIZATION_LEVEL = "-Onone";
			};
			name = Debug;
		};
		4046B7F72440DEB9007E64D7 /* Release */ = {
			isa = XCBuildConfiguration;
			buildSettings = {
				ALWAYS_SEARCH_USER_PATHS = NO;
				CLANG_ANALYZER_NONNULL = YES;
				CLANG_ANALYZER_NUMBER_OBJECT_CONVERSION = YES_AGGRESSIVE;
				CLANG_CXX_LANGUAGE_STANDARD = "gnu++14";
				CLANG_CXX_LIBRARY = "libc++";
				CLANG_ENABLE_MODULES = YES;
				CLANG_ENABLE_OBJC_ARC = YES;
				CLANG_ENABLE_OBJC_WEAK = YES;
				CLANG_WARN_BLOCK_CAPTURE_AUTORELEASING = YES;
				CLANG_WARN_BOOL_CONVERSION = YES;
				CLANG_WARN_COMMA = YES;
				CLANG_WARN_CONSTANT_CONVERSION = YES;
				CLANG_WARN_DEPRECATED_OBJC_IMPLEMENTATIONS = YES;
				CLANG_WARN_DIRECT_OBJC_ISA_USAGE = YES_ERROR;
				CLANG_WARN_DOCUMENTATION_COMMENTS = YES;
				CLANG_WARN_EMPTY_BODY = YES;
				CLANG_WARN_ENUM_CONVERSION = YES;
				CLANG_WARN_INFINITE_RECURSION = YES;
				CLANG_WARN_INT_CONVERSION = YES;
				CLANG_WARN_NON_LITERAL_NULL_CONVERSION = YES;
				CLANG_WARN_OBJC_IMPLICIT_RETAIN_SELF = YES;
				CLANG_WARN_OBJC_LITERAL_CONVERSION = YES;
				CLANG_WARN_OBJC_ROOT_CLASS = YES_ERROR;
				CLANG_WARN_RANGE_LOOP_ANALYSIS = YES;
				CLANG_WARN_STRICT_PROTOTYPES = YES;
				CLANG_WARN_SUSPICIOUS_MOVE = YES;
				CLANG_WARN_UNGUARDED_AVAILABILITY = YES_AGGRESSIVE;
				CLANG_WARN_UNREACHABLE_CODE = YES;
				CLANG_WARN__DUPLICATE_METHOD_MATCH = YES;
				COPY_PHASE_STRIP = NO;
				DEBUG_INFORMATION_FORMAT = "dwarf-with-dsym";
				ENABLE_NS_ASSERTIONS = NO;
				ENABLE_STRICT_OBJC_MSGSEND = YES;
				GCC_C_LANGUAGE_STANDARD = gnu11;
				GCC_NO_COMMON_BLOCKS = YES;
				GCC_WARN_64_TO_32_BIT_CONVERSION = YES;
				GCC_WARN_ABOUT_RETURN_TYPE = YES_ERROR;
				GCC_WARN_UNDECLARED_SELECTOR = YES;
				GCC_WARN_UNINITIALIZED_AUTOS = YES_AGGRESSIVE;
				GCC_WARN_UNUSED_FUNCTION = YES;
				GCC_WARN_UNUSED_VARIABLE = YES;
				IPHONEOS_DEPLOYMENT_TARGET = 13.2;
				MTL_ENABLE_DEBUG_INFO = NO;
				MTL_FAST_MATH = YES;
				SDKROOT = iphoneos;
				SWIFT_COMPILATION_MODE = wholemodule;
				SWIFT_OPTIMIZATION_LEVEL = "-O";
				VALIDATE_PRODUCT = YES;
			};
			name = Release;
		};
		4046B7F92440DEBA007E64D7 /* Debug */ = {
			isa = XCBuildConfiguration;
			baseConfigurationReference = 15CD74B4D3F63B8D592DA671 /* Pods-Pokedex.debug.xcconfig */;
			buildSettings = {
				ASSETCATALOG_COMPILER_APPICON_NAME = AppIcon;
				CODE_SIGN_STYLE = Automatic;
				DEVELOPMENT_TEAM = 7DLPFLHJKX;
				INFOPLIST_FILE = Pokedex/Info.plist;
				IPHONEOS_DEPLOYMENT_TARGET = 12.0;
				LD_RUNPATH_SEARCH_PATHS = (
					"$(inherited)",
					"@executable_path/Frameworks",
				);
				PRODUCT_BUNDLE_IDENTIFIER = br.com.Pokedex;
				PRODUCT_NAME = "$(TARGET_NAME)";
				SWIFT_VERSION = 5.0;
				TARGETED_DEVICE_FAMILY = 1;
			};
			name = Debug;
		};
		4046B7FA2440DEBA007E64D7 /* Release */ = {
			isa = XCBuildConfiguration;
			baseConfigurationReference = 288DCFD516EC16532FE91BB3 /* Pods-Pokedex.release.xcconfig */;
			buildSettings = {
				ASSETCATALOG_COMPILER_APPICON_NAME = AppIcon;
				CODE_SIGN_STYLE = Automatic;
				DEVELOPMENT_TEAM = 7DLPFLHJKX;
				INFOPLIST_FILE = Pokedex/Info.plist;
				IPHONEOS_DEPLOYMENT_TARGET = 12.0;
				LD_RUNPATH_SEARCH_PATHS = (
					"$(inherited)",
					"@executable_path/Frameworks",
				);
				PRODUCT_BUNDLE_IDENTIFIER = br.com.Pokedex;
				PRODUCT_NAME = "$(TARGET_NAME)";
				SWIFT_VERSION = 5.0;
				TARGETED_DEVICE_FAMILY = 1;
			};
			name = Release;
		};
/* End XCBuildConfiguration section */

/* Begin XCConfigurationList section */
		4046B7DF2440DEB8007E64D7 /* Build configuration list for PBXProject "Pokedex" */ = {
			isa = XCConfigurationList;
			buildConfigurations = (
				4046B7F62440DEB9007E64D7 /* Debug */,
				4046B7F72440DEB9007E64D7 /* Release */,
			);
			defaultConfigurationIsVisible = 0;
			defaultConfigurationName = Release;
		};
		4046B7F82440DEBA007E64D7 /* Build configuration list for PBXNativeTarget "Pokedex" */ = {
			isa = XCConfigurationList;
			buildConfigurations = (
				4046B7F92440DEBA007E64D7 /* Debug */,
				4046B7FA2440DEBA007E64D7 /* Release */,
			);
			defaultConfigurationIsVisible = 0;
			defaultConfigurationName = Release;
		};
/* End XCConfigurationList section */
	};
	rootObject = 4046B7DC2440DEB8007E64D7 /* Project object */;
}
